
Microsoft Visual Studio Solution File, Format Version 12.00
# Visual Studio Version 17
VisualStudioVersion = 17.0.31903.59
MinimumVisualStudioVersion = 10.0.40219.1
Project("{8BC9CEB8-8B4A-11D0-8D11-00A0C91BC942}") = "CardShuffling", "CardShuffling\CardShuffling.vcxproj", "{9D5A8E4C-89CA-467A-99B8-8BC07DFFB6CE}"
EndProject
Global
	GlobalSection(SolutionConfigurationPlatforms) = preSolution
		Debug|x64 = Debug|x64
		Debug|x86 = Debug|x86
		Release|x64 = Release|x64
		Release|x86 = Release|x86
	EndGlobalSection
	GlobalSection(ProjectConfigurationPlatforms) = postSolution
		{9D5A8E4C-89CA-467A-99B8-8BC07DFFB6CE}.Debug|x64.ActiveCfg = Debug|x64
		{9D5A8E4C-89CA-467A-99B8-8BC07DFFB6CE}.Debug|x64.Build.0 = Debug|x64
		{9D5A8E4C-89CA-467A-99B8-8BC07DFFB6CE}.Debug|x86.ActiveCfg = Debug|Win32
		{9D5A8E4C-89CA-467A-99B8-8BC07DFFB6CE}.Debug|x86.Build.0 = Debug|Win32
		{9D5A8E4C-89CA-467A-99B8-8BC07DFFB6CE}.Release|x64.ActiveCfg = Release|x64
		{9D5A8E4C-89CA-467A-99B8-8BC07DFFB6CE}.Release|x64.Build.0 = Release|x64
		{9D5A8E4C-89CA-467A-99B8-8BC07DFFB6CE}.Release|x86.ActiveCfg = Release|Win32
		{9D5A8E4C-89CA-467A-99B8-8BC07DFFB6CE}.Release|x86.Build.0 = Release|Win32
	EndGlobalSection
	GlobalSection(SolutionProperties) = preSolution
		HideSolutionNode = FALSE
	EndGlobalSection
	GlobalSection(ExtensibilityGlobals) = postSolution
		SolutionGuid = {5D24FB18-D9E5-4BA2-9C83-BF0ED229739A}
	EndGlobalSection
EndGlobal
